# This file is automatically @generated by Cargo.
# It is not intended for manual editing.
version = 3

[[package]]
name = "crdt-algorithms"
version = "0.1.0"
dependencies = [
 "crdt-core",
 "crdt-testkit",
]

[[package]]
name = "crdt-core"
version = "0.1.0"

[[package]]
name = "crdt-testkit"
version = "0.1.0"
dependencies = [
 "crdt-core",
]
